
Microsoft Visual Studio Solution File, Format Version 12.00
# Visual Studio Version 17
VisualStudioVersion = 17.2.32630.192
MinimumVisualStudioVersion = 10.0.40219.1
Project("{9A19103F-16F7-4668-BE54-9A1E7A4F7556}") = "R5T.T0182.Construction", "R5T.T0182.Construction\R5T.T0182.Construction.csproj", "{5E59AE1E-057F-4565-9E34-D21AC3349F21}"
EndProject
Project("{9A19103F-16F7-4668-BE54-9A1E7A4F7556}") = "R5T.T0182", "R5T.T0182\R5T.T0182.csproj", "{C11FEB29-AB6C-41C3-87A0-4C1C1FDF31EF}"
EndProject
Project("{2150E333-8FDC-42A3-9474-1A3956D46DE8}") = "_Dependencies", "_Dependencies", "{E9E4DB5F-EDB1-4B55-A06B-CD5320DBC9D5}"
EndProject
Project("{9A19103F-16F7-4668-BE54-9A1E7A4F7556}") = "R5T.T0143", "..\..\R5T.T0143\source\R5T.T0143\R5T.T0143.csproj", "{A1A1295D-3E20-4D4F-8E0E-21101C2F163F}"
EndProject
Project("{9A19103F-16F7-4668-BE54-9A1E7A4F7556}") = "R5T.T0178", "..\..\R5T.T0178\source\R5T.T0178\R5T.T0178.csproj", "{88BE27EE-2EB7-4611-914D-68AF35790A8C}"
EndProject
Project("{9A19103F-16F7-4668-BE54-9A1E7A4F7556}") = "R5T.T0179", "..\..\R5T.T0179\source\R5T.T0179\R5T.T0179.csproj", "{FF0285CB-0587-4C68-B457-A27EC6BF5746}"
EndProject
Project("{9A19103F-16F7-4668-BE54-9A1E7A4F7556}") = "R5T.T0132", "..\..\R5T.T0132\source\R5T.T0132\R5T.T0132.csproj", "{61110A8C-3C9B-4653-9F07-CE05400D2087}"
EndProject
Project("{9A19103F-16F7-4668-BE54-9A1E7A4F7556}") = "R5T.T0156", "..\..\R5T.T0156\source\R5T.T0156\R5T.T0156.csproj", "{0807DD26-2092-40B3-B3AA-E3B1D3D30BD1}"
EndProject
Project("{9A19103F-16F7-4668-BE54-9A1E7A4F7556}") = "R5T.Y0005", "..\..\R5T.Y0005\source\R5T.Y0005\R5T.Y0005.csproj", "{4BFBFCEF-DDB5-4A58-ADCA-3D9F013A7A18}"
EndProject
Global
	GlobalSection(NestedProjects) = preSolution
		{A1A1295D-3E20-4D4F-8E0E-21101C2F163F} = {E9E4DB5F-EDB1-4B55-A06B-CD5320DBC9D5}
		{88BE27EE-2EB7-4611-914D-68AF35790A8C} = {E9E4DB5F-EDB1-4B55-A06B-CD5320DBC9D5}
		{FF0285CB-0587-4C68-B457-A27EC6BF5746} = {E9E4DB5F-EDB1-4B55-A06B-CD5320DBC9D5}
		{61110A8C-3C9B-4653-9F07-CE05400D2087} = {E9E4DB5F-EDB1-4B55-A06B-CD5320DBC9D5}
		{0807DD26-2092-40B3-B3AA-E3B1D3D30BD1} = {E9E4DB5F-EDB1-4B55-A06B-CD5320DBC9D5}
		{4BFBFCEF-DDB5-4A58-ADCA-3D9F013A7A18} = {E9E4DB5F-EDB1-4B55-A06B-CD5320DBC9D5}
	EndGlobalSection
	GlobalSection(SolutionConfigurationPlatforms) = preSolution
		Debug|Any CPU = Debug|Any CPU
		Release|Any CPU = Release|Any CPU
	EndGlobalSection
	GlobalSection(ProjectConfigurationPlatforms) = postSolution
		{5E59AE1E-057F-4565-9E34-D21AC3349F21}.Debug|Any CPU.ActiveCfg = Debug|Any CPU
		{5E59AE1E-057F-4565-9E34-D21AC3349F21}.Debug|Any CPU.Build.0 = Debug|Any CPU
		{5E59AE1E-057F-4565-9E34-D21AC3349F21}.Release|Any CPU.ActiveCfg = Release|Any CPU
		{5E59AE1E-057F-4565-9E34-D21AC3349F21}.Release|Any CPU.Build.0 = Release|Any CPU
		{C11FEB29-AB6C-41C3-87A0-4C1C1FDF31EF}.Debug|Any CPU.ActiveCfg = Debug|Any CPU
		{C11FEB29-AB6C-41C3-87A0-4C1C1FDF31EF}.Debug|Any CPU.Build.0 = Debug|Any CPU
		{C11FEB29-AB6C-41C3-87A0-4C1C1FDF31EF}.Release|Any CPU.ActiveCfg = Release|Any CPU
		{C11FEB29-AB6C-41C3-87A0-4C1C1FDF31EF}.Release|Any CPU.Build.0 = Release|Any CPU
		{A1A1295D-3E20-4D4F-8E0E-21101C2F163F}.Debug|Any CPU.ActiveCfg = Debug|Any CPU
		{A1A1295D-3E20-4D4F-8E0E-21101C2F163F}.Debug|Any CPU.Build.0 = Debug|Any CPU
		{A1A1295D-3E20-4D4F-8E0E-21101C2F163F}.Release|Any CPU.ActiveCfg = Release|Any CPU
		{A1A1295D-3E20-4D4F-8E0E-21101C2F163F}.Release|Any CPU.Build.0 = Release|Any CPU
		{88BE27EE-2EB7-4611-914D-68AF35790A8C}.Debug|Any CPU.ActiveCfg = Debug|Any CPU
		{88BE27EE-2EB7-4611-914D-68AF35790A8C}.Debug|Any CPU.Build.0 = Debug|Any CPU
		{88BE27EE-2EB7-4611-914D-68AF35790A8C}.Release|Any CPU.ActiveCfg = Release|Any CPU
		{88BE27EE-2EB7-4611-914D-68AF35790A8C}.Release|Any CPU.Build.0 = Release|Any CPU
		{FF0285CB-0587-4C68-B457-A27EC6BF5746}.Debug|Any CPU.ActiveCfg = Debug|Any CPU
		{FF0285CB-0587-4C68-B457-A27EC6BF5746}.Debug|Any CPU.Build.0 = Debug|Any CPU
		{FF0285CB-0587-4C68-B457-A27EC6BF5746}.Release|Any CPU.ActiveCfg = Release|Any CPU
		{FF0285CB-0587-4C68-B457-A27EC6BF5746}.Release|Any CPU.Build.0 = Release|Any CPU
		{61110A8C-3C9B-4653-9F07-CE05400D2087}.Debug|Any CPU.ActiveCfg = Debug|Any CPU
		{61110A8C-3C9B-4653-9F07-CE05400D2087}.Debug|Any CPU.Build.0 = Debug|Any CPU
		{61110A8C-3C9B-4653-9F07-CE05400D2087}.Release|Any CPU.ActiveCfg = Release|Any CPU
		{61110A8C-3C9B-4653-9F07-CE05400D2087}.Release|Any CPU.Build.0 = Release|Any CPU
		{0807DD26-2092-40B3-B3AA-E3B1D3D30BD1}.Debug|Any CPU.ActiveCfg = Debug|Any CPU
		{0807DD26-2092-40B3-B3AA-E3B1D3D30BD1}.Debug|Any CPU.Build.0 = Debug|Any CPU
		{0807DD26-2092-40B3-B3AA-E3B1D3D30BD1}.Release|Any CPU.ActiveCfg = Release|Any CPU
		{0807DD26-2092-40B3-B3AA-E3B1D3D30BD1}.Release|Any CPU.Build.0 = Release|Any CPU
		{4BFBFCEF-DDB5-4A58-ADCA-3D9F013A7A18}.Debug|Any CPU.ActiveCfg = Debug|Any CPU
		{4BFBFCEF-DDB5-4A58-ADCA-3D9F013A7A18}.Debug|Any CPU.Build.0 = Debug|Any CPU
		{4BFBFCEF-DDB5-4A58-ADCA-3D9F013A7A18}.Release|Any CPU.ActiveCfg = Release|Any CPU
		{4BFBFCEF-DDB5-4A58-ADCA-3D9F013A7A18}.Release|Any CPU.Build.0 = Release|Any CPU
	EndGlobalSection
	GlobalSection(SolutionProperties) = preSolution
		HideSolutionNode = FALSE
	EndGlobalSection
	GlobalSection(ExtensibilityGlobals) = postSolution
		SolutionGuid = {B76F9A48-8993-4980-AFFF-64F038F68C24}
	EndGlobalSection
EndGlobal
