
Microsoft Visual Studio Solution File, Format Version 12.00
# Visual Studio Version 17
VisualStudioVersion = 17.2.32630.192
MinimumVisualStudioVersion = 10.0.40219.1
Project("{9A19103F-16F7-4668-BE54-9A1E7A4F7556}") = "R5T.T0182", "R5T.T0182\R5T.T0182.csproj", "{CD1D1FB6-7D58-4E06-87EA-1D9A2BF60DD9}"
EndProject
Project("{2150E333-8FDC-42A3-9474-1A3956D46DE8}") = "_Dependencies", "_Dependencies", "{FA6DEDE7-CCFA-4B5F-B2E5-4C02BBB116EC}"
EndProject
Project("{9A19103F-16F7-4668-BE54-9A1E7A4F7556}") = "R5T.T0143", "..\..\R5T.T0143\source\R5T.T0143\R5T.T0143.csproj", "{42A8D627-9758-460A-B7C2-11364529BFB3}"
EndProject
Project("{9A19103F-16F7-4668-BE54-9A1E7A4F7556}") = "R5T.T0178", "..\..\R5T.T0178\source\R5T.T0178\R5T.T0178.csproj", "{5CFCC151-4480-4CE5-A126-342553776836}"
EndProject
Project("{9A19103F-16F7-4668-BE54-9A1E7A4F7556}") = "R5T.T0179", "..\..\R5T.T0179\source\R5T.T0179\R5T.T0179.csproj", "{0C0A6ADF-EBDD-40EB-947F-2267C1A196EF}"
EndProject
Project("{9A19103F-16F7-4668-BE54-9A1E7A4F7556}") = "R5T.Y0005", "..\..\R5T.Y0005\source\R5T.Y0005\R5T.Y0005.csproj", "{2ACD6D6D-7CA0-497A-B99D-9DB0E06B397F}"
EndProject
Project("{9A19103F-16F7-4668-BE54-9A1E7A4F7556}") = "R5T.T0132", "..\..\R5T.T0132\source\R5T.T0132\R5T.T0132.csproj", "{E7A3DEFD-72E3-4E85-A113-F882378ABB9F}"
EndProject
Project("{9A19103F-16F7-4668-BE54-9A1E7A4F7556}") = "R5T.T0156", "..\..\R5T.T0156\source\R5T.T0156\R5T.T0156.csproj", "{0A99B9EF-6991-46D2-8729-F72BF30DFF64}"
EndProject
Global
	GlobalSection(NestedProjects) = preSolution
		{42A8D627-9758-460A-B7C2-11364529BFB3} = {FA6DEDE7-CCFA-4B5F-B2E5-4C02BBB116EC}
		{5CFCC151-4480-4CE5-A126-342553776836} = {FA6DEDE7-CCFA-4B5F-B2E5-4C02BBB116EC}
		{0C0A6ADF-EBDD-40EB-947F-2267C1A196EF} = {FA6DEDE7-CCFA-4B5F-B2E5-4C02BBB116EC}
		{2ACD6D6D-7CA0-497A-B99D-9DB0E06B397F} = {FA6DEDE7-CCFA-4B5F-B2E5-4C02BBB116EC}
		{E7A3DEFD-72E3-4E85-A113-F882378ABB9F} = {FA6DEDE7-CCFA-4B5F-B2E5-4C02BBB116EC}
		{0A99B9EF-6991-46D2-8729-F72BF30DFF64} = {FA6DEDE7-CCFA-4B5F-B2E5-4C02BBB116EC}
	EndGlobalSection
	GlobalSection(SolutionConfigurationPlatforms) = preSolution
		Debug|Any CPU = Debug|Any CPU
		Release|Any CPU = Release|Any CPU
	EndGlobalSection
	GlobalSection(ProjectConfigurationPlatforms) = postSolution
		{CD1D1FB6-7D58-4E06-87EA-1D9A2BF60DD9}.Debug|Any CPU.ActiveCfg = Debug|Any CPU
		{CD1D1FB6-7D58-4E06-87EA-1D9A2BF60DD9}.Debug|Any CPU.Build.0 = Debug|Any CPU
		{CD1D1FB6-7D58-4E06-87EA-1D9A2BF60DD9}.Release|Any CPU.ActiveCfg = Release|Any CPU
		{CD1D1FB6-7D58-4E06-87EA-1D9A2BF60DD9}.Release|Any CPU.Build.0 = Release|Any CPU
		{42A8D627-9758-460A-B7C2-11364529BFB3}.Debug|Any CPU.ActiveCfg = Debug|Any CPU
		{42A8D627-9758-460A-B7C2-11364529BFB3}.Debug|Any CPU.Build.0 = Debug|Any CPU
		{42A8D627-9758-460A-B7C2-11364529BFB3}.Release|Any CPU.ActiveCfg = Release|Any CPU
		{42A8D627-9758-460A-B7C2-11364529BFB3}.Release|Any CPU.Build.0 = Release|Any CPU
		{5CFCC151-4480-4CE5-A126-342553776836}.Debug|Any CPU.ActiveCfg = Debug|Any CPU
		{5CFCC151-4480-4CE5-A126-342553776836}.Debug|Any CPU.Build.0 = Debug|Any CPU
		{5CFCC151-4480-4CE5-A126-342553776836}.Release|Any CPU.ActiveCfg = Release|Any CPU
		{5CFCC151-4480-4CE5-A126-342553776836}.Release|Any CPU.Build.0 = Release|Any CPU
		{0C0A6ADF-EBDD-40EB-947F-2267C1A196EF}.Debug|Any CPU.ActiveCfg = Debug|Any CPU
		{0C0A6ADF-EBDD-40EB-947F-2267C1A196EF}.Debug|Any CPU.Build.0 = Debug|Any CPU
		{0C0A6ADF-EBDD-40EB-947F-2267C1A196EF}.Release|Any CPU.ActiveCfg = Release|Any CPU
		{0C0A6ADF-EBDD-40EB-947F-2267C1A196EF}.Release|Any CPU.Build.0 = Release|Any CPU
		{2ACD6D6D-7CA0-497A-B99D-9DB0E06B397F}.Debug|Any CPU.ActiveCfg = Debug|Any CPU
		{2ACD6D6D-7CA0-497A-B99D-9DB0E06B397F}.Debug|Any CPU.Build.0 = Debug|Any CPU
		{2ACD6D6D-7CA0-497A-B99D-9DB0E06B397F}.Release|Any CPU.ActiveCfg = Release|Any CPU
		{2ACD6D6D-7CA0-497A-B99D-9DB0E06B397F}.Release|Any CPU.Build.0 = Release|Any CPU
		{E7A3DEFD-72E3-4E85-A113-F882378ABB9F}.Debug|Any CPU.ActiveCfg = Debug|Any CPU
		{E7A3DEFD-72E3-4E85-A113-F882378ABB9F}.Debug|Any CPU.Build.0 = Debug|Any CPU
		{E7A3DEFD-72E3-4E85-A113-F882378ABB9F}.Release|Any CPU.ActiveCfg = Release|Any CPU
		{E7A3DEFD-72E3-4E85-A113-F882378ABB9F}.Release|Any CPU.Build.0 = Release|Any CPU
		{0A99B9EF-6991-46D2-8729-F72BF30DFF64}.Debug|Any CPU.ActiveCfg = Debug|Any CPU
		{0A99B9EF-6991-46D2-8729-F72BF30DFF64}.Debug|Any CPU.Build.0 = Debug|Any CPU
		{0A99B9EF-6991-46D2-8729-F72BF30DFF64}.Release|Any CPU.ActiveCfg = Release|Any CPU
		{0A99B9EF-6991-46D2-8729-F72BF30DFF64}.Release|Any CPU.Build.0 = Release|Any CPU
	EndGlobalSection
	GlobalSection(SolutionProperties) = preSolution
		HideSolutionNode = FALSE
	EndGlobalSection
	GlobalSection(ExtensibilityGlobals) = postSolution
		SolutionGuid = {D24083A2-0EB6-4129-84A5-DA4A53A2B58A}
	EndGlobalSection
EndGlobal
